// !$*UTF8*$!
{
	archiveVersion = 1;
	classes = {
	};
	objectVersion = 56;
	objects = {

/* Begin PBXBuildFile section */
		CAD349E92B2FEEDB0004345B /* AppDelegate.swift in Sources */ = {isa = PBXBuildFile; fileRef = CAD349E82B2FEEDB0004345B /* AppDelegate.swift */; };
		CAD349EB2B2FEEDB0004345B /* SceneDelegate.swift in Sources */ = {isa = PBXBuildFile; fileRef = CAD349EA2B2FEEDB0004345B /* SceneDelegate.swift */; };
		CAD349ED2B2FEEDB0004345B /* ViewController.swift in Sources */ = {isa = PBXBuildFile; fileRef = CAD349EC2B2FEEDB0004345B /* ViewController.swift */; };
		CAD349F02B2FEEDB0004345B /* Main.storyboard in Resources */ = {isa = PBXBuildFile; fileRef = CAD349EE2B2FEEDB0004345B /* Main.storyboard */; };
		CAD349F22B2FEEDC0004345B /* Assets.xcassets in Resources */ = {isa = PBXBuildFile; fileRef = CAD349F12B2FEEDC0004345B /* Assets.xcassets */; };
		CAD349F52B2FEEDC0004345B /* LaunchScreen.storyboard in Resources */ = {isa = PBXBuildFile; fileRef = CAD349F32B2FEEDC0004345B /* LaunchScreen.storyboard */; };
		CAD34A002B2FEEDC0004345B /* Meme_Dong_OfficeTests.swift in Sources */ = {isa = PBXBuildFile; fileRef = CAD349FF2B2FEEDC0004345B /* Meme_Dong_OfficeTests.swift */; };
		CAD34A0A2B2FEEDC0004345B /* Meme_Dong_OfficeUITests.swift in Sources */ = {isa = PBXBuildFile; fileRef = CAD34A092B2FEEDC0004345B /* Meme_Dong_OfficeUITests.swift */; };
		CAD34A0C2B2FEEDC0004345B /* Meme_Dong_OfficeUITestsLaunchTests.swift in Sources */ = {isa = PBXBuildFile; fileRef = CAD34A0B2B2FEEDC0004345B /* Meme_Dong_OfficeUITestsLaunchTests.swift */; };
/* End PBXBuildFile section */

/* Begin PBXContainerItemProxy section */
		CAD349FC2B2FEEDC0004345B /* PBXContainerItemProxy */ = {
			isa = PBXContainerItemProxy;
			containerPortal = CAD349DD2B2FEEDB0004345B /* Project object */;
			proxyType = 1;
			remoteGlobalIDString = CAD349E42B2FEEDB0004345B;
			remoteInfo = Meme_Dong_Office;
		};
		CAD34A062B2FEEDC0004345B /* PBXContainerItemProxy */ = {
			isa = PBXContainerItemProxy;
			containerPortal = CAD349DD2B2FEEDB0004345B /* Project object */;
			proxyType = 1;
			remoteGlobalIDString = CAD349E42B2FEEDB0004345B;
			remoteInfo = Meme_Dong_Office;
		};
/* End PBXContainerItemProxy section */

/* Begin PBXFileReference section */
		CAD349E52B2FEEDB0004345B /* Meme_Dong_Office.app */ = {isa = PBXFileReference; explicitFileType = wrapper.application; includeInIndex = 0; path = Meme_Dong_Office.app; sourceTree = BUILT_PRODUCTS_DIR; };
		CAD349E82B2FEEDB0004345B /* AppDelegate.swift */ = {isa = PBXFileReference; lastKnownFileType = sourcecode.swift; path = AppDelegate.swift; sourceTree = "<group>"; };
		CAD349EA2B2FEEDB0004345B /* SceneDelegate.swift */ = {isa = PBXFileReference; lastKnownFileType = sourcecode.swift; path = SceneDelegate.swift; sourceTree = "<group>"; };
		CAD349EC2B2FEEDB0004345B /* ViewController.swift */ = {isa = PBXFileReference; lastKnownFileType = sourcecode.swift; path = ViewController.swift; sourceTree = "<group>"; };
		CAD349EF2B2FEEDB0004345B /* Base */ = {isa = PBXFileReference; lastKnownFileType = file.storyboard; name = Base; path = Base.lproj/Main.storyboard; sourceTree = "<group>"; };
		CAD349F12B2FEEDC0004345B /* Assets.xcassets */ = {isa = PBXFileReference; lastKnownFileType = folder.assetcatalog; path = Assets.xcassets; sourceTree = "<group>"; };
		CAD349F42B2FEEDC0004345B /* Base */ = {isa = PBXFileReference; lastKnownFileType = file.storyboard; name = Base; path = Base.lproj/LaunchScreen.storyboard; sourceTree = "<group>"; };
		CAD349F62B2FEEDC0004345B /* Info.plist */ = {isa = PBXFileReference; lastKnownFileType = text.plist.xml; path = Info.plist; sourceTree = "<group>"; };
		CAD349FB2B2FEEDC0004345B /* Meme_Dong_OfficeTests.xctest */ = {isa = PBXFileReference; explicitFileType = wrapper.cfbundle; includeInIndex = 0; path = Meme_Dong_OfficeTests.xctest; sourceTree = BUILT_PRODUCTS_DIR; };
		CAD349FF2B2FEEDC0004345B /* Meme_Dong_OfficeTests.swift */ = {isa = PBXFileReference; lastKnownFileType = sourcecode.swift; path = Meme_Dong_OfficeTests.swift; sourceTree = "<group>"; };
		CAD34A052B2FEEDC0004345B /* Meme_Dong_OfficeUITests.xctest */ = {isa = PBXFileReference; explicitFileType = wrapper.cfbundle; includeInIndex = 0; path = Meme_Dong_OfficeUITests.xctest; sourceTree = BUILT_PRODUCTS_DIR; };
		CAD34A092B2FEEDC0004345B /* Meme_Dong_OfficeUITests.swift */ = {isa = PBXFileReference; lastKnownFileType = sourcecode.swift; path = Meme_Dong_OfficeUITests.swift; sourceTree = "<group>"; };
		CAD34A0B2B2FEEDC0004345B /* Meme_Dong_OfficeUITestsLaunchTests.swift */ = {isa = PBXFileReference; lastKnownFileType = sourcecode.swift; path = Meme_Dong_OfficeUITestsLaunchTests.swift; sourceTree = "<group>"; };
/* End PBXFileReference section */

/* Begin PBXFrameworksBuildPhase section */
		CAD349E22B2FEEDB0004345B /* Frameworks */ = {
			isa = PBXFrameworksBuildPhase;
			buildActionMask = 2147483647;
			files = (
			);
			runOnlyForDeploymentPostprocessing = 0;
		};
		CAD349F82B2FEEDC0004345B /* Frameworks */ = {
			isa = PBXFrameworksBuildPhase;
			buildActionMask = 2147483647;
			files = (
			);
			runOnlyForDeploymentPostprocessing = 0;
		};
		CAD34A022B2FEEDC0004345B /* Frameworks */ = {
			isa = PBXFrameworksBuildPhase;
			buildActionMask = 2147483647;
			files = (
			);
			runOnlyForDeploymentPostprocessing = 0;
		};
/* End PBXFrameworksBuildPhase section */

/* Begin PBXGroup section */
		CAD349DC2B2FEEDB0004345B = {
			isa = PBXGroup;
			children = (
				CAD349E72B2FEEDB0004345B /* Meme_Dong_Office */,
				CAD349FE2B2FEEDC0004345B /* Meme_Dong_OfficeTests */,
				CAD34A082B2FEEDC0004345B /* Meme_Dong_OfficeUITests */,
				CAD349E62B2FEEDB0004345B /* Products */,
			);
			sourceTree = "<group>";
		};
		CAD349E62B2FEEDB0004345B /* Products */ = {
			isa = PBXGroup;
			children = (
				CAD349E52B2FEEDB0004345B /* Meme_Dong_Office.app */,
				CAD349FB2B2FEEDC0004345B /* Meme_Dong_OfficeTests.xctest */,
				CAD34A052B2FEEDC0004345B /* Meme_Dong_OfficeUITests.xctest */,
			);
			name = Products;
			sourceTree = "<group>";
		};
		CAD349E72B2FEEDB0004345B /* Meme_Dong_Office */ = {
			isa = PBXGroup;
			children = (
				CAD349E82B2FEEDB0004345B /* AppDelegate.swift */,
				CAD349EA2B2FEEDB0004345B /* SceneDelegate.swift */,
				CAD349EC2B2FEEDB0004345B /* ViewController.swift */,
				CAD349EE2B2FEEDB0004345B /* Main.storyboard */,
				CAD349F12B2FEEDC0004345B /* Assets.xcassets */,
				CAD349F32B2FEEDC0004345B /* LaunchScreen.storyboard */,
				CAD349F62B2FEEDC0004345B /* Info.plist */,
			);
			path = Meme_Dong_Office;
			sourceTree = "<group>";
		};
		CAD349FE2B2FEEDC0004345B /* Meme_Dong_OfficeTests */ = {
			isa = PBXGroup;
			children = (
				CAD349FF2B2FEEDC0004345B /* Meme_Dong_OfficeTests.swift */,
			);
			path = Meme_Dong_OfficeTests;
			sourceTree = "<group>";
		};
		CAD34A082B2FEEDC0004345B /* Meme_Dong_OfficeUITests */ = {
			isa = PBXGroup;
			children = (
				CAD34A092B2FEEDC0004345B /* Meme_Dong_OfficeUITests.swift */,
				CAD34A0B2B2FEEDC0004345B /* Meme_Dong_OfficeUITestsLaunchTests.swift */,
			);
			path = Meme_Dong_OfficeUITests;
			sourceTree = "<group>";
		};
/* End PBXGroup section */

/* Begin PBXNativeTarget section */
		CAD349E42B2FEEDB0004345B /* Meme_Dong_Office */ = {
			isa = PBXNativeTarget;
			buildConfigurationList = CAD34A0F2B2FEEDC0004345B /* Build configuration list for PBXNativeTarget "Meme_Dong_Office" */;
			buildPhases = (
				CAD349E12B2FEEDB0004345B /* Sources */,
				CAD349E22B2FEEDB0004345B /* Frameworks */,
				CAD349E32B2FEEDB0004345B /* Resources */,
			);
			buildRules = (
			);
			dependencies = (
			);
			name = Meme_Dong_Office;
			productName = Meme_Dong_Office;
			productReference = CAD349E52B2FEEDB0004345B /* Meme_Dong_Office.app */;
			productType = "com.apple.product-type.application";
		};
		CAD349FA2B2FEEDC0004345B /* Meme_Dong_OfficeTests */ = {
			isa = PBXNativeTarget;
			buildConfigurationList = CAD34A122B2FEEDC0004345B /* Build configuration list for PBXNativeTarget "Meme_Dong_OfficeTests" */;
			buildPhases = (
				CAD349F72B2FEEDC0004345B /* Sources */,
				CAD349F82B2FEEDC0004345B /* Frameworks */,
				CAD349F92B2FEEDC0004345B /* Resources */,
			);
			buildRules = (
			);
			dependencies = (
				CAD349FD2B2FEEDC0004345B /* PBXTargetDependency */,
			);
			name = Meme_Dong_OfficeTests;
			productName = Meme_Dong_OfficeTests;
			productReference = CAD349FB2B2FEEDC0004345B /* Meme_Dong_OfficeTests.xctest */;
			productType = "com.apple.product-type.bundle.unit-test";
		};
		CAD34A042B2FEEDC0004345B /* Meme_Dong_OfficeUITests */ = {
			isa = PBXNativeTarget;
			buildConfigurationList = CAD34A152B2FEEDC0004345B /* Build configuration list for PBXNativeTarget "Meme_Dong_OfficeUITests" */;
			buildPhases = (
				CAD34A012B2FEEDC0004345B /* Sources */,
				CAD34A022B2FEEDC0004345B /* Frameworks */,
				CAD34A032B2FEEDC0004345B /* Resources */,
			);
			buildRules = (
			);
			dependencies = (
				CAD34A072B2FEEDC0004345B /* PBXTargetDependency */,
			);
			name = Meme_Dong_OfficeUITests;
			productName = Meme_Dong_OfficeUITests;
			productReference = CAD34A052B2FEEDC0004345B /* Meme_Dong_OfficeUITests.xctest */;
			productType = "com.apple.product-type.bundle.ui-testing";
		};
/* End PBXNativeTarget section */

/* Begin PBXProject section */
		CAD349DD2B2FEEDB0004345B /* Project object */ = {
			isa = PBXProject;
			attributes = {
				BuildIndependentTargetsInParallel = 1;
				LastSwiftUpdateCheck = 1500;
				LastUpgradeCheck = 1500;
				TargetAttributes = {
					CAD349E42B2FEEDB0004345B = {
						CreatedOnToolsVersion = 15.0.1;
					};
					CAD349FA2B2FEEDC0004345B = {
						CreatedOnToolsVersion = 15.0.1;
						TestTargetID = CAD349E42B2FEEDB0004345B;
					};
					CAD34A042B2FEEDC0004345B = {
						CreatedOnToolsVersion = 15.0.1;
						TestTargetID = CAD349E42B2FEEDB0004345B;
					};
				};
			};
			buildConfigurationList = CAD349E02B2FEEDB0004345B /* Build configuration list for PBXProject "Meme_Dong_Office" */;
			compatibilityVersion = "Xcode 14.0";
			developmentRegion = en;
			hasScannedForEncodings = 0;
			knownRegions = (
				en,
				Base,
			);
			mainGroup = CAD349DC2B2FEEDB0004345B;
			productRefGroup = CAD349E62B2FEEDB0004345B /* Products */;
			projectDirPath = "";
			projectRoot = "";
			targets = (
				CAD349E42B2FEEDB0004345B /* Meme_Dong_Office */,
				CAD349FA2B2FEEDC0004345B /* Meme_Dong_OfficeTests */,
				CAD34A042B2FEEDC0004345B /* Meme_Dong_OfficeUITests */,
			);
		};
/* End PBXProject section */

/* Begin PBXResourcesBuildPhase section */
		CAD349E32B2FEEDB0004345B /* Resources */ = {
			isa = PBXResourcesBuildPhase;
			buildActionMask = 2147483647;
			files = (
				CAD349F52B2FEEDC0004345B /* LaunchScreen.storyboard in Resources */,
				CAD349F22B2FEEDC0004345B /* Assets.xcassets in Resources */,
				CAD349F02B2FEEDB0004345B /* Main.storyboard in Resources */,
			);
			runOnlyForDeploymentPostprocessing = 0;
		};
		CAD349F92B2FEEDC0004345B /* Resources */ = {
			isa = PBXResourcesBuildPhase;
			buildActionMask = 2147483647;
			files = (
			);
			runOnlyForDeploymentPostprocessing = 0;
		};
		CAD34A032B2FEEDC0004345B /* Resources */ = {
			isa = PBXResourcesBuildPhase;
			buildActionMask = 2147483647;
			files = (
			);
			runOnlyForDeploymentPostprocessing = 0;
		};
/* End PBXResourcesBuildPhase section */

/* Begin PBXSourcesBuildPhase section */
		CAD349E12B2FEEDB0004345B /* Sources */ = {
			isa = PBXSourcesBuildPhase;
			buildActionMask = 2147483647;
			files = (
				CAD349ED2B2FEEDB0004345B /* ViewController.swift in Sources */,
				CAD349E92B2FEEDB0004345B /* AppDelegate.swift in Sources */,
				CAD349EB2B2FEEDB0004345B /* SceneDelegate.swift in Sources */,
			);
			runOnlyForDeploymentPostprocessing = 0;
		};
		CAD349F72B2FEEDC0004345B /* Sources */ = {
			isa = PBXSourcesBuildPhase;
			buildActionMask = 2147483647;
			files = (
				CAD34A002B2FEEDC0004345B /* Meme_Dong_OfficeTests.swift in Sources */,
			);
			runOnlyForDeploymentPostprocessing = 0;
		};
		CAD34A012B2FEEDC0004345B /* Sources */ = {
			isa = PBXSourcesBuildPhase;
			buildActionMask = 2147483647;
			files = (
				CAD34A0C2B2FEEDC0004345B /* Meme_Dong_OfficeUITestsLaunchTests.swift in Sources */,
				CAD34A0A2B2FEEDC0004345B /* Meme_Dong_OfficeUITests.swift in Sources */,
			);
			runOnlyForDeploymentPostprocessing = 0;
		};
/* End PBXSourcesBuildPhase section */

/* Begin PBXTargetDependency section */
		CAD349FD2B2FEEDC0004345B /* PBXTargetDependency */ = {
			isa = PBXTargetDependency;
			target = CAD349E42B2FEEDB0004345B /* Meme_Dong_Office */;
			targetProxy = CAD349FC2B2FEEDC0004345B /* PBXContainerItemProxy */;
		};
		CAD34A072B2FEEDC0004345B /* PBXTargetDependency */ = {
			isa = PBXTargetDependency;
			target = CAD349E42B2FEEDB0004345B /* Meme_Dong_Office */;
			targetProxy = CAD34A062B2FEEDC0004345B /* PBXContainerItemProxy */;
		};
/* End PBXTargetDependency section */

/* Begin PBXVariantGroup section */
		CAD349EE2B2FEEDB0004345B /* Main.storyboard */ = {
			isa = PBXVariantGroup;
			children = (
				CAD349EF2B2FEEDB0004345B /* Base */,
			);
			name = Main.storyboard;
			sourceTree = "<group>";
		};
		CAD349F32B2FEEDC0004345B /* LaunchScreen.storyboard */ = {
			isa = PBXVariantGroup;
			children = (
				CAD349F42B2FEEDC0004345B /* Base */,
			);
			name = LaunchScreen.storyboard;
			sourceTree = "<group>";
		};
/* End PBXVariantGroup section */

/* Begin XCBuildConfiguration section */
		CAD34A0D2B2FEEDC0004345B /* Debug */ = {
			isa = XCBuildConfiguration;
			buildSettings = {
				ALWAYS_SEARCH_USER_PATHS = NO;
				ASSETCATALOG_COMPILER_GENERATE_SWIFT_ASSET_SYMBOL_EXTENSIONS = YES;
				CLANG_ANALYZER_NONNULL = YES;
				CLANG_ANALYZER_NUMBER_OBJECT_CONVERSION = YES_AGGRESSIVE;
				CLANG_CXX_LANGUAGE_STANDARD = "gnu++20";
				CLANG_ENABLE_MODULES = YES;
				CLANG_ENABLE_OBJC_ARC = YES;
				CLANG_ENABLE_OBJC_WEAK = YES;
				CLANG_WARN_BLOCK_CAPTURE_AUTORELEASING = YES;
				CLANG_WARN_BOOL_CONVERSION = YES;
				CLANG_WARN_COMMA = YES;
				CLANG_WARN_CONSTANT_CONVERSION = YES;
				CLANG_WARN_DEPRECATED_OBJC_IMPLEMENTATIONS = YES;
				CLANG_WARN_DIRECT_OBJC_ISA_USAGE = YES_ERROR;
				CLANG_WARN_DOCUMENTATION_COMMENTS = YES;
				CLANG_WARN_EMPTY_BODY = YES;
				CLANG_WARN_ENUM_CONVERSION = YES;
				CLANG_WARN_INFINITE_RECURSION = YES;
				CLANG_WARN_INT_CONVERSION = YES;
				CLANG_WARN_NON_LITERAL_NULL_CONVERSION = YES;
				CLANG_WARN_OBJC_IMPLICIT_RETAIN_SELF = YES;
				CLANG_WARN_OBJC_LITERAL_CONVERSION = YES;
				CLANG_WARN_OBJC_ROOT_CLASS = YES_ERROR;
				CLANG_WARN_QUOTED_INCLUDE_IN_FRAMEWORK_HEADER = YES;
				CLANG_WARN_RANGE_LOOP_ANALYSIS = YES;
				CLANG_WARN_STRICT_PROTOTYPES = YES;
				CLANG_WARN_SUSPICIOUS_MOVE = YES;
				CLANG_WARN_UNGUARDED_AVAILABILITY = YES_AGGRESSIVE;
				CLANG_WARN_UNREACHABLE_CODE = YES;
				CLANG_WARN__DUPLICATE_METHOD_MATCH = YES;
				COPY_PHASE_STRIP = NO;
				DEBUG_INFORMATION_FORMAT = dwarf;
				ENABLE_STRICT_OBJC_MSGSEND = YES;
				ENABLE_TESTABILITY = YES;
				ENABLE_USER_SCRIPT_SANDBOXING = YES;
				GCC_C_LANGUAGE_STANDARD = gnu17;
				GCC_DYNAMIC_NO_PIC = NO;
				GCC_NO_COMMON_BLOCKS = YES;
				GCC_OPTIMIZATION_LEVEL = 0;
				GCC_PREPROCESSOR_DEFINITIONS = (
					"DEBUG=1",
					"$(inherited)",
				);
				GCC_WARN_64_TO_32_BIT_CONVERSION = YES;
				GCC_WARN_ABOUT_RETURN_TYPE = YES_ERROR;
				GCC_WARN_UNDECLARED_SELECTOR = YES;
				GCC_WARN_UNINITIALIZED_AUTOS = YES_AGGRESSIVE;
				GCC_WARN_UNUSED_FUNCTION = YES;
				GCC_WARN_UNUSED_VARIABLE = YES;
				IPHONEOS_DEPLOYMENT_TARGET = 17.0;
				LOCALIZATION_PREFERS_STRING_CATALOGS = YES;
				MTL_ENABLE_DEBUG_INFO = INCLUDE_SOURCE;
				MTL_FAST_MATH = YES;
				ONLY_ACTIVE_ARCH = YES;
				SDKROOT = iphoneos;
				SWIFT_ACTIVE_COMPILATION_CONDITIONS = "DEBUG $(inherited)";
				SWIFT_OPTIMIZATION_LEVEL = "-Onone";
			};
			name = Debug;
		};
		CAD34A0E2B2FEEDC0004345B /* Release */ = {
			isa = XCBuildConfiguration;
			buildSettings = {
				ALWAYS_SEARCH_USER_PATHS = NO;
				ASSETCATALOG_COMPILER_GENERATE_SWIFT_ASSET_SYMBOL_EXTENSIONS = YES;
				CLANG_ANALYZER_NONNULL = YES;
				CLANG_ANALYZER_NUMBER_OBJECT_CONVERSION = YES_AGGRESSIVE;
				CLANG_CXX_LANGUAGE_STANDARD = "gnu++20";
				CLANG_ENABLE_MODULES = YES;
				CLANG_ENABLE_OBJC_ARC = YES;
				CLANG_ENABLE_OBJC_WEAK = YES;
				CLANG_WARN_BLOCK_CAPTURE_AUTORELEASING = YES;
				CLANG_WARN_BOOL_CONVERSION = YES;
				CLANG_WARN_COMMA = YES;
				CLANG_WARN_CONSTANT_CONVERSION = YES;
				CLANG_WARN_DEPRECATED_OBJC_IMPLEMENTATIONS = YES;
				CLANG_WARN_DIRECT_OBJC_ISA_USAGE = YES_ERROR;
				CLANG_WARN_DOCUMENTATION_COMMENTS = YES;
				CLANG_WARN_EMPTY_BODY = YES;
				CLANG_WARN_ENUM_CONVERSION = YES;
				CLANG_WARN_INFINITE_RECURSION = YES;
				CLANG_WARN_INT_CONVERSION = YES;
				CLANG_WARN_NON_LITERAL_NULL_CONVERSION = YES;
				CLANG_WARN_OBJC_IMPLICIT_RETAIN_SELF = YES;
				CLANG_WARN_OBJC_LITERAL_CONVERSION = YES;
				CLANG_WARN_OBJC_ROOT_CLASS = YES_ERROR;
				CLANG_WARN_QUOTED_INCLUDE_IN_FRAMEWORK_HEADER = YES;
				CLANG_WARN_RANGE_LOOP_ANALYSIS = YES;
				CLANG_WARN_STRICT_PROTOTYPES = YES;
				CLANG_WARN_SUSPICIOUS_MOVE = YES;
				CLANG_WARN_UNGUARDED_AVAILABILITY = YES_AGGRESSIVE;
				CLANG_WARN_UNREACHABLE_CODE = YES;
				CLANG_WARN__DUPLICATE_METHOD_MATCH = YES;
				COPY_PHASE_STRIP = NO;
				DEBUG_INFORMATION_FORMAT = "dwarf-with-dsym";
				ENABLE_NS_ASSERTIONS = NO;
				ENABLE_STRICT_OBJC_MSGSEND = YES;
				ENABLE_USER_SCRIPT_SANDBOXING = YES;
				GCC_C_LANGUAGE_STANDARD = gnu17;
				GCC_NO_COMMON_BLOCKS = YES;
				GCC_WARN_64_TO_32_BIT_CONVERSION = YES;
				GCC_WARN_ABOUT_RETURN_TYPE = YES_ERROR;
				GCC_WARN_UNDECLARED_SELECTOR = YES;
				GCC_WARN_UNINITIALIZED_AUTOS = YES_AGGRESSIVE;
				GCC_WARN_UNUSED_FUNCTION = YES;
				GCC_WARN_UNUSED_VARIABLE = YES;
				IPHONEOS_DEPLOYMENT_TARGET = 17.0;
				LOCALIZATION_PREFERS_STRING_CATALOGS = YES;
				MTL_ENABLE_DEBUG_INFO = NO;
				MTL_FAST_MATH = YES;
				SDKROOT = iphoneos;
				SWIFT_COMPILATION_MODE = wholemodule;
				VALIDATE_PRODUCT = YES;
			};
			name = Release;
		};
		CAD34A102B2FEEDC0004345B /* Debug */ = {
			isa = XCBuildConfiguration;
			buildSettings = {
				ASSETCATALOG_COMPILER_APPICON_NAME = AppIcon;
				ASSETCATALOG_COMPILER_GLOBAL_ACCENT_COLOR_NAME = AccentColor;
				CODE_SIGN_STYLE = Automatic;
				CURRENT_PROJECT_VERSION = 1;
				GENERATE_INFOPLIST_FILE = YES;
				INFOPLIST_FILE = Meme_Dong_Office/Info.plist;
				INFOPLIST_KEY_UIApplicationSupportsIndirectInputEvents = YES;
				INFOPLIST_KEY_UILaunchStoryboardName = LaunchScreen;
				INFOPLIST_KEY_UIMainStoryboardFile = Main;
				INFOPLIST_KEY_UISupportedInterfaceOrientations_iPad = "UIInterfaceOrientationPortrait UIInterfaceOrientationPortraitUpsideDown UIInterfaceOrientationLandscapeLeft UIInterfaceOrientationLandscapeRight";
				INFOPLIST_KEY_UISupportedInterfaceOrientations_iPhone = "UIInterfaceOrientationPortrait UIInterfaceOrientationLandscapeLeft UIInterfaceOrientationLandscapeRight";
				LD_RUNPATH_SEARCH_PATHS = (
					"$(inherited)",
					"@executable_path/Frameworks",
				);
				MARKETING_VERSION = 1.0;
				PRODUCT_BUNDLE_IDENTIFIER = "com.PARD.Meme-Dong-Office";
				PRODUCT_NAME = "$(TARGET_NAME)";
				SWIFT_EMIT_LOC_STRINGS = YES;
				SWIFT_VERSION = 5.0;
				TARGETED_DEVICE_FAMILY = "1,2";
			};
			name = Debug;
		};
		CAD34A112B2FEEDC0004345B /* Release */ = {
			isa = XCBuildConfiguration;
			buildSettings = {
				ASSETCATALOG_COMPILER_APPICON_NAME = AppIcon;
				ASSETCATALOG_COMPILER_GLOBAL_ACCENT_COLOR_NAME = AccentColor;
				CODE_SIGN_STYLE = Automatic;
				CURRENT_PROJECT_VERSION = 1;
				GENERATE_INFOPLIST_FILE = YES;
				INFOPLIST_FILE = Meme_Dong_Office/Info.plist;
				INFOPLIST_KEY_UIApplicationSupportsIndirectInputEvents = YES;
				INFOPLIST_KEY_UILaunchStoryboardName = LaunchScreen;
				INFOPLIST_KEY_UIMainStoryboardFile = Main;
				INFOPLIST_KEY_UISupportedInterfaceOrientations_iPad = "UIInterfaceOrientationPortrait UIInterfaceOrientationPortraitUpsideDown UIInterfaceOrientationLandscapeLeft UIInterfaceOrientationLandscapeRight";
				INFOPLIST_KEY_UISupportedInterfaceOrientations_iPhone = "UIInterfaceOrientationPortrait UIInterfaceOrientationLandscapeLeft UIInterfaceOrientationLandscapeRight";
				LD_RUNPATH_SEARCH_PATHS = (
					"$(inherited)",
					"@executable_path/Frameworks",
				);
				MARKETING_VERSION = 1.0;
				PRODUCT_BUNDLE_IDENTIFIER = "com.PARD.Meme-Dong-Office";
				PRODUCT_NAME = "$(TARGET_NAME)";
				SWIFT_EMIT_LOC_STRINGS = YES;
				SWIFT_VERSION = 5.0;
				TARGETED_DEVICE_FAMILY = "1,2";
			};
			name = Release;
		};
		CAD34A132B2FEEDC0004345B /* Debug */ = {
			isa = XCBuildConfiguration;
			buildSettings = {
				ALWAYS_EMBED_SWIFT_STANDARD_LIBRARIES = YES;
				BUNDLE_LOADER = "$(TEST_HOST)";
				CODE_SIGN_STYLE = Automatic;
				CURRENT_PROJECT_VERSION = 1;
				GENERATE_INFOPLIST_FILE = YES;
				IPHONEOS_DEPLOYMENT_TARGET = 17.0;
				MARKETING_VERSION = 1.0;
				PRODUCT_BUNDLE_IDENTIFIER = "com.PARD.Meme-Dong-OfficeTests";
				PRODUCT_NAME = "$(TARGET_NAME)";
				SWIFT_EMIT_LOC_STRINGS = NO;
				SWIFT_VERSION = 5.0;
				TARGETED_DEVICE_FAMILY = "1,2";
				TEST_HOST = "$(BUILT_PRODUCTS_DIR)/Meme_Dong_Office.app/$(BUNDLE_EXECUTABLE_FOLDER_PATH)/Meme_Dong_Office";
			};
			name = Debug;
		};
		CAD34A142B2FEEDC0004345B /* Release */ = {
			isa = XCBuildConfiguration;
			buildSettings = {
				ALWAYS_EMBED_SWIFT_STANDARD_LIBRARIES = YES;
				BUNDLE_LOADER = "$(TEST_HOST)";
				CODE_SIGN_STYLE = Automatic;
				CURRENT_PROJECT_VERSION = 1;
				GENERATE_INFOPLIST_FILE = YES;
				IPHONEOS_DEPLOYMENT_TARGET = 17.0;
				MARKETING_VERSION = 1.0;
				PRODUCT_BUNDLE_IDENTIFIER = "com.PARD.Meme-Dong-OfficeTests";
				PRODUCT_NAME = "$(TARGET_NAME)";
				SWIFT_EMIT_LOC_STRINGS = NO;
				SWIFT_VERSION = 5.0;
				TARGETED_DEVICE_FAMILY = "1,2";
				TEST_HOST = "$(BUILT_PRODUCTS_DIR)/Meme_Dong_Office.app/$(BUNDLE_EXECUTABLE_FOLDER_PATH)/Meme_Dong_Office";
			};
			name = Release;
		};
		CAD34A162B2FEEDC0004345B /* Debug */ = {
			isa = XCBuildConfiguration;
			buildSettings = {
				ALWAYS_EMBED_SWIFT_STANDARD_LIBRARIES = YES;
				CODE_SIGN_STYLE = Automatic;
				CURRENT_PROJECT_VERSION = 1;
				GENERATE_INFOPLIST_FILE = YES;
				MARKETING_VERSION = 1.0;
				PRODUCT_BUNDLE_IDENTIFIER = "com.PARD.Meme-Dong-OfficeUITests";
				PRODUCT_NAME = "$(TARGET_NAME)";
				SWIFT_EMIT_LOC_STRINGS = NO;
				SWIFT_VERSION = 5.0;
				TARGETED_DEVICE_FAMILY = "1,2";
				TEST_TARGET_NAME = Meme_Dong_Office;
			};
			name = Debug;
		};
		CAD34A172B2FEEDC0004345B /* Release */ = {
			isa = XCBuildConfiguration;
			buildSettings = {
				ALWAYS_EMBED_SWIFT_STANDARD_LIBRARIES = YES;
				CODE_SIGN_STYLE = Automatic;
				CURRENT_PROJECT_VERSION = 1;
				GENERATE_INFOPLIST_FILE = YES;
				MARKETING_VERSION = 1.0;
				PRODUCT_BUNDLE_IDENTIFIER = "com.PARD.Meme-Dong-OfficeUITests";
				PRODUCT_NAME = "$(TARGET_NAME)";
				SWIFT_EMIT_LOC_STRINGS = NO;
				SWIFT_VERSION = 5.0;
				TARGETED_DEVICE_FAMILY = "1,2";
				TEST_TARGET_NAME = Meme_Dong_Office;
			};
			name = Release;
		};
/* End XCBuildConfiguration section */

/* Begin XCConfigurationList section */
		CAD349E02B2FEEDB0004345B /* Build configuration list for PBXProject "Meme_Dong_Office" */ = {
			isa = XCConfigurationList;
			buildConfigurations = (
				CAD34A0D2B2FEEDC0004345B /* Debug */,
				CAD34A0E2B2FEEDC0004345B /* Release */,
			);
			defaultConfigurationIsVisible = 0;
			defaultConfigurationName = Release;
		};
		CAD34A0F2B2FEEDC0004345B /* Build configuration list for PBXNativeTarget "Meme_Dong_Office" */ = {
			isa = XCConfigurationList;
			buildConfigurations = (
				CAD34A102B2FEEDC0004345B /* Debug */,
				CAD34A112B2FEEDC0004345B /* Release */,
			);
			defaultConfigurationIsVisible = 0;
			defaultConfigurationName = Release;
		};
		CAD34A122B2FEEDC0004345B /* Build configuration list for PBXNativeTarget "Meme_Dong_OfficeTests" */ = {
			isa = XCConfigurationList;
			buildConfigurations = (
				CAD34A132B2FEEDC0004345B /* Debug */,
				CAD34A142B2FEEDC0004345B /* Release */,
			);
			defaultConfigurationIsVisible = 0;
			defaultConfigurationName = Release;
		};
		CAD34A152B2FEEDC0004345B /* Build configuration list for PBXNativeTarget "Meme_Dong_OfficeUITests" */ = {
			isa = XCConfigurationList;
			buildConfigurations = (
				CAD34A162B2FEEDC0004345B /* Debug */,
				CAD34A172B2FEEDC0004345B /* Release */,
			);
			defaultConfigurationIsVisible = 0;
			defaultConfigurationName = Release;
		};
/* End XCConfigurationList section */
	};
	rootObject = CAD349DD2B2FEEDB0004345B /* Project object */;
}
