// !$*UTF8*$!
{
	archiveVersion = 1;
	classes = {
	};
	objectVersion = 56;
	objects = {

/* Begin PBXBuildFile section */
		908423282B3BE9490023FFA0 /* TestViewController.swift in Sources */ = {isa = PBXBuildFile; fileRef = 908423272B3BE9490023FFA0 /* TestViewController.swift */; };
		9084232A2B3BE9790023FFA0 /* HomeViewController.swift in Sources */ = {isa = PBXBuildFile; fileRef = 908423292B3BE9790023FFA0 /* HomeViewController.swift */; };
		9084232C2B3BE99E0023FFA0 /* AddViewController.swift in Sources */ = {isa = PBXBuildFile; fileRef = 9084232B2B3BE99E0023FFA0 /* AddViewController.swift */; };
		9084232E2B3BE9A90023FFA0 /* StudyViewController.swift in Sources */ = {isa = PBXBuildFile; fileRef = 9084232D2B3BE9A90023FFA0 /* StudyViewController.swift */; };
		908423312B3BEDDC0023FFA0 /* DetailViewController.swift in Sources */ = {isa = PBXBuildFile; fileRef = 908423302B3BEDDC0023FFA0 /* DetailViewController.swift */; };
		908423332B3BEE2C0023FFA0 /* FirstViewController.swift in Sources */ = {isa = PBXBuildFile; fileRef = 908423322B3BEE2C0023FFA0 /* FirstViewController.swift */; };
		908423352B3BEE360023FFA0 /* SecondViewController.swift in Sources */ = {isa = PBXBuildFile; fileRef = 908423342B3BEE360023FFA0 /* SecondViewController.swift */; };
		908423372B3BEE950023FFA0 /* BottomSheetViewController.swift in Sources */ = {isa = PBXBuildFile; fileRef = 908423362B3BEE950023FFA0 /* BottomSheetViewController.swift */; };
		9084233A2B3C08A70023FFA0 /* LoginViewController.swift in Sources */ = {isa = PBXBuildFile; fileRef = 908423392B3C08A70023FFA0 /* LoginViewController.swift */; };
		9084233C2B3C09890023FFA0 /* SignUpViewController.swift in Sources */ = {isa = PBXBuildFile; fileRef = 9084233B2B3C09890023FFA0 /* SignUpViewController.swift */; };
		9084233E2B3C09AA0023FFA0 /* SetNameViewController.swift in Sources */ = {isa = PBXBuildFile; fileRef = 9084233D2B3C09AA0023FFA0 /* SetNameViewController.swift */; };
		908423402B3C09D30023FFA0 /* OriginViewController.swift in Sources */ = {isa = PBXBuildFile; fileRef = 9084233F2B3C09D30023FFA0 /* OriginViewController.swift */; };
		908423422B3D27E60023FFA0 /* LoginAPICaller.swift in Sources */ = {isa = PBXBuildFile; fileRef = 908423412B3D27E60023FFA0 /* LoginAPICaller.swift */; };
		908423442B3D283F0023FFA0 /* LoginDataModel.swift in Sources */ = {isa = PBXBuildFile; fileRef = 908423432B3D283F0023FFA0 /* LoginDataModel.swift */; };
		909AE4BB2B3EB0D500C2E501 /* LoginViewModel.swift in Sources */ = {isa = PBXBuildFile; fileRef = 909AE4BA2B3EB0D500C2E501 /* LoginViewModel.swift */; };
		90B5BC732B3D4AF90069046A /* LearnViewController.swift in Sources */ = {isa = PBXBuildFile; fileRef = 90B5BC722B3D4AF90069046A /* LearnViewController.swift */; };
		CA505EEE2B354BB700E1D140 /* User.swift in Sources */ = {isa = PBXBuildFile; fileRef = CA505EED2B354BB700E1D140 /* User.swift */; };
		CA505EF02B354BD500E1D140 /* UserViewModel.swift in Sources */ = {isa = PBXBuildFile; fileRef = CA505EEF2B354BD500E1D140 /* UserViewModel.swift */; };
		CA505EF32B354C0800E1D140 /* NetworkManager.swift in Sources */ = {isa = PBXBuildFile; fileRef = CA505EF22B354C0800E1D140 /* NetworkManager.swift */; };
		CA505EF62B354EA100E1D140 /* Extensions.swift in Sources */ = {isa = PBXBuildFile; fileRef = CA505EF52B354EA100E1D140 /* Extensions.swift */; };
		CA505F3A2B3BF6A200E1D140 /* MainViewController.swift in Sources */ = {isa = PBXBuildFile; fileRef = CA505F392B3BF6A200E1D140 /* MainViewController.swift */; };
		CAD34A612B2FF5370004345B /* AppDelegate.swift in Sources */ = {isa = PBXBuildFile; fileRef = CAD34A602B2FF5370004345B /* AppDelegate.swift */; };
		CAD34A632B2FF5370004345B /* SceneDelegate.swift in Sources */ = {isa = PBXBuildFile; fileRef = CAD34A622B2FF5370004345B /* SceneDelegate.swift */; };
		CAD34A652B2FF5370004345B /* ViewController.swift in Sources */ = {isa = PBXBuildFile; fileRef = CAD34A642B2FF5370004345B /* ViewController.swift */; };
		CAD34A6A2B2FF5380004345B /* Assets.xcassets in Resources */ = {isa = PBXBuildFile; fileRef = CAD34A692B2FF5380004345B /* Assets.xcassets */; };
		CAD34A782B2FF5380004345B /* Meme_Dong_OfficeTests.swift in Sources */ = {isa = PBXBuildFile; fileRef = CAD34A772B2FF5380004345B /* Meme_Dong_OfficeTests.swift */; };
		CAD34A822B2FF5380004345B /* Meme_Dong_OfficeUITests.swift in Sources */ = {isa = PBXBuildFile; fileRef = CAD34A812B2FF5380004345B /* Meme_Dong_OfficeUITests.swift */; };
		CAD34A842B2FF5380004345B /* Meme_Dong_OfficeUITestsLaunchTests.swift in Sources */ = {isa = PBXBuildFile; fileRef = CAD34A832B2FF5380004345B /* Meme_Dong_OfficeUITestsLaunchTests.swift */; };
		CAD34A942B3130A60004345B /* ColorSystem.swift in Sources */ = {isa = PBXBuildFile; fileRef = CAD34A932B3130A60004345B /* ColorSystem.swift */; };
		CAD34A962B3130BE0004345B /* ComponentSystem.swift in Sources */ = {isa = PBXBuildFile; fileRef = CAD34A952B3130BE0004345B /* ComponentSystem.swift */; };
		CAD34A982B3130D10004345B /* FontSystem.swift in Sources */ = {isa = PBXBuildFile; fileRef = CAD34A972B3130D10004345B /* FontSystem.swift */; };
		DAC1876A2B3AAB7800A397E4 /* AppleLoginViewController.swift in Sources */ = {isa = PBXBuildFile; fileRef = DAC187692B3AAB7800A397E4 /* AppleLoginViewController.swift */; };
		DAC1876C2B3AABAB00A397E4 /* AppleUserViewModel.swift in Sources */ = {isa = PBXBuildFile; fileRef = DAC1876B2B3AABAB00A397E4 /* AppleUserViewModel.swift */; };
		DAC1876E2B3AC96400A397E4 /* LoginResponse.swift in Sources */ = {isa = PBXBuildFile; fileRef = DAC1876D2B3AC96400A397E4 /* LoginResponse.swift */; };
		DAF31B4D2B355C0A002FD471 /* UserViewController.swift in Sources */ = {isa = PBXBuildFile; fileRef = DAF31B4C2B355C0A002FD471 /* UserViewController.swift */; };
/* End PBXBuildFile section */

/* Begin PBXContainerItemProxy section */
		CAD34A742B2FF5380004345B /* PBXContainerItemProxy */ = {
			isa = PBXContainerItemProxy;
			containerPortal = CAD34A552B2FF5370004345B /* Project object */;
			proxyType = 1;
			remoteGlobalIDString = CAD34A5C2B2FF5370004345B;
			remoteInfo = Meme_Dong_Office;
		};
		CAD34A7E2B2FF5380004345B /* PBXContainerItemProxy */ = {
			isa = PBXContainerItemProxy;
			containerPortal = CAD34A552B2FF5370004345B /* Project object */;
			proxyType = 1;
			remoteGlobalIDString = CAD34A5C2B2FF5370004345B;
			remoteInfo = Meme_Dong_Office;
		};
/* End PBXContainerItemProxy section */

/* Begin PBXFileReference section */
		908423272B3BE9490023FFA0 /* TestViewController.swift */ = {isa = PBXFileReference; lastKnownFileType = sourcecode.swift; path = TestViewController.swift; sourceTree = "<group>"; };
		908423292B3BE9790023FFA0 /* HomeViewController.swift */ = {isa = PBXFileReference; lastKnownFileType = sourcecode.swift; path = HomeViewController.swift; sourceTree = "<group>"; };
		9084232B2B3BE99E0023FFA0 /* AddViewController.swift */ = {isa = PBXFileReference; lastKnownFileType = sourcecode.swift; path = AddViewController.swift; sourceTree = "<group>"; };
		9084232D2B3BE9A90023FFA0 /* StudyViewController.swift */ = {isa = PBXFileReference; lastKnownFileType = sourcecode.swift; path = StudyViewController.swift; sourceTree = "<group>"; };
		908423302B3BEDDC0023FFA0 /* DetailViewController.swift */ = {isa = PBXFileReference; lastKnownFileType = sourcecode.swift; path = DetailViewController.swift; sourceTree = "<group>"; };
		908423322B3BEE2C0023FFA0 /* FirstViewController.swift */ = {isa = PBXFileReference; lastKnownFileType = sourcecode.swift; path = FirstViewController.swift; sourceTree = "<group>"; };
		908423342B3BEE360023FFA0 /* SecondViewController.swift */ = {isa = PBXFileReference; lastKnownFileType = sourcecode.swift; path = SecondViewController.swift; sourceTree = "<group>"; };
		908423362B3BEE950023FFA0 /* BottomSheetViewController.swift */ = {isa = PBXFileReference; lastKnownFileType = sourcecode.swift; path = BottomSheetViewController.swift; sourceTree = "<group>"; };
		908423392B3C08A70023FFA0 /* LoginViewController.swift */ = {isa = PBXFileReference; lastKnownFileType = sourcecode.swift; path = LoginViewController.swift; sourceTree = "<group>"; };
		9084233B2B3C09890023FFA0 /* SignUpViewController.swift */ = {isa = PBXFileReference; lastKnownFileType = sourcecode.swift; path = SignUpViewController.swift; sourceTree = "<group>"; };
		9084233D2B3C09AA0023FFA0 /* SetNameViewController.swift */ = {isa = PBXFileReference; lastKnownFileType = sourcecode.swift; path = SetNameViewController.swift; sourceTree = "<group>"; };
		9084233F2B3C09D30023FFA0 /* OriginViewController.swift */ = {isa = PBXFileReference; lastKnownFileType = sourcecode.swift; path = OriginViewController.swift; sourceTree = "<group>"; };
		908423412B3D27E60023FFA0 /* LoginAPICaller.swift */ = {isa = PBXFileReference; lastKnownFileType = sourcecode.swift; path = LoginAPICaller.swift; sourceTree = "<group>"; };
		908423432B3D283F0023FFA0 /* LoginDataModel.swift */ = {isa = PBXFileReference; lastKnownFileType = sourcecode.swift; path = LoginDataModel.swift; sourceTree = "<group>"; };
		909AE4BA2B3EB0D500C2E501 /* LoginViewModel.swift */ = {isa = PBXFileReference; lastKnownFileType = sourcecode.swift; path = LoginViewModel.swift; sourceTree = "<group>"; };
		90B5BC722B3D4AF90069046A /* LearnViewController.swift */ = {isa = PBXFileReference; lastKnownFileType = sourcecode.swift; path = LearnViewController.swift; sourceTree = "<group>"; };
		CA505EED2B354BB700E1D140 /* User.swift */ = {isa = PBXFileReference; lastKnownFileType = sourcecode.swift; path = User.swift; sourceTree = "<group>"; };
		CA505EEF2B354BD500E1D140 /* UserViewModel.swift */ = {isa = PBXFileReference; lastKnownFileType = sourcecode.swift; path = UserViewModel.swift; sourceTree = "<group>"; };
		CA505EF22B354C0800E1D140 /* NetworkManager.swift */ = {isa = PBXFileReference; lastKnownFileType = sourcecode.swift; path = NetworkManager.swift; sourceTree = "<group>"; };
		CA505EF52B354EA100E1D140 /* Extensions.swift */ = {isa = PBXFileReference; lastKnownFileType = sourcecode.swift; path = Extensions.swift; sourceTree = "<group>"; };
		CA505F392B3BF6A200E1D140 /* MainViewController.swift */ = {isa = PBXFileReference; lastKnownFileType = sourcecode.swift; path = MainViewController.swift; sourceTree = "<group>"; };
		CAD34A5D2B2FF5370004345B /* Meme_Dong_Office.app */ = {isa = PBXFileReference; explicitFileType = wrapper.application; includeInIndex = 0; path = Meme_Dong_Office.app; sourceTree = BUILT_PRODUCTS_DIR; };
		CAD34A602B2FF5370004345B /* AppDelegate.swift */ = {isa = PBXFileReference; lastKnownFileType = sourcecode.swift; path = AppDelegate.swift; sourceTree = "<group>"; };
		CAD34A622B2FF5370004345B /* SceneDelegate.swift */ = {isa = PBXFileReference; lastKnownFileType = sourcecode.swift; path = SceneDelegate.swift; sourceTree = "<group>"; };
		CAD34A642B2FF5370004345B /* ViewController.swift */ = {isa = PBXFileReference; lastKnownFileType = sourcecode.swift; path = ViewController.swift; sourceTree = "<group>"; };
		CAD34A692B2FF5380004345B /* Assets.xcassets */ = {isa = PBXFileReference; lastKnownFileType = folder.assetcatalog; path = Assets.xcassets; sourceTree = "<group>"; };
		CAD34A6E2B2FF5380004345B /* Info.plist */ = {isa = PBXFileReference; lastKnownFileType = text.plist.xml; path = Info.plist; sourceTree = "<group>"; };
		CAD34A732B2FF5380004345B /* Meme_Dong_OfficeTests.xctest */ = {isa = PBXFileReference; explicitFileType = wrapper.cfbundle; includeInIndex = 0; path = Meme_Dong_OfficeTests.xctest; sourceTree = BUILT_PRODUCTS_DIR; };
		CAD34A772B2FF5380004345B /* Meme_Dong_OfficeTests.swift */ = {isa = PBXFileReference; lastKnownFileType = sourcecode.swift; path = Meme_Dong_OfficeTests.swift; sourceTree = "<group>"; };
		CAD34A7D2B2FF5380004345B /* Meme_Dong_OfficeUITests.xctest */ = {isa = PBXFileReference; explicitFileType = wrapper.cfbundle; includeInIndex = 0; path = Meme_Dong_OfficeUITests.xctest; sourceTree = BUILT_PRODUCTS_DIR; };
		CAD34A812B2FF5380004345B /* Meme_Dong_OfficeUITests.swift */ = {isa = PBXFileReference; lastKnownFileType = sourcecode.swift; path = Meme_Dong_OfficeUITests.swift; sourceTree = "<group>"; };
		CAD34A832B2FF5380004345B /* Meme_Dong_OfficeUITestsLaunchTests.swift */ = {isa = PBXFileReference; lastKnownFileType = sourcecode.swift; path = Meme_Dong_OfficeUITestsLaunchTests.swift; sourceTree = "<group>"; };
		CAD34A932B3130A60004345B /* ColorSystem.swift */ = {isa = PBXFileReference; lastKnownFileType = sourcecode.swift; path = ColorSystem.swift; sourceTree = "<group>"; };
		CAD34A952B3130BE0004345B /* ComponentSystem.swift */ = {isa = PBXFileReference; lastKnownFileType = sourcecode.swift; path = ComponentSystem.swift; sourceTree = "<group>"; };
		CAD34A972B3130D10004345B /* FontSystem.swift */ = {isa = PBXFileReference; lastKnownFileType = sourcecode.swift; path = FontSystem.swift; sourceTree = "<group>"; };
		DAC187682B3AA34C00A397E4 /* Meme_Dong_Office.entitlements */ = {isa = PBXFileReference; lastKnownFileType = text.plist.entitlements; path = Meme_Dong_Office.entitlements; sourceTree = "<group>"; };
		DAC187692B3AAB7800A397E4 /* AppleLoginViewController.swift */ = {isa = PBXFileReference; lastKnownFileType = sourcecode.swift; path = AppleLoginViewController.swift; sourceTree = "<group>"; };
		DAC1876B2B3AABAB00A397E4 /* AppleUserViewModel.swift */ = {isa = PBXFileReference; lastKnownFileType = sourcecode.swift; path = AppleUserViewModel.swift; sourceTree = "<group>"; };
		DAC1876D2B3AC96400A397E4 /* LoginResponse.swift */ = {isa = PBXFileReference; lastKnownFileType = sourcecode.swift; path = LoginResponse.swift; sourceTree = "<group>"; };
		DAF31B4C2B355C0A002FD471 /* UserViewController.swift */ = {isa = PBXFileReference; lastKnownFileType = sourcecode.swift; path = UserViewController.swift; sourceTree = "<group>"; };
/* End PBXFileReference section */

/* Begin PBXFrameworksBuildPhase section */
		CAD34A5A2B2FF5370004345B /* Frameworks */ = {
			isa = PBXFrameworksBuildPhase;
			buildActionMask = 2147483647;
			files = (
			);
			runOnlyForDeploymentPostprocessing = 0;
		};
		CAD34A702B2FF5380004345B /* Frameworks */ = {
			isa = PBXFrameworksBuildPhase;
			buildActionMask = 2147483647;
			files = (
			);
			runOnlyForDeploymentPostprocessing = 0;
		};
		CAD34A7A2B2FF5380004345B /* Frameworks */ = {
			isa = PBXFrameworksBuildPhase;
			buildActionMask = 2147483647;
			files = (
			);
			runOnlyForDeploymentPostprocessing = 0;
		};
/* End PBXFrameworksBuildPhase section */

/* Begin PBXGroup section */
		9084232F2B3BEDA40023FFA0 /* Detail */ = {
			isa = PBXGroup;
			children = (
				908423302B3BEDDC0023FFA0 /* DetailViewController.swift */,
				908423322B3BEE2C0023FFA0 /* FirstViewController.swift */,
				908423342B3BEE360023FFA0 /* SecondViewController.swift */,
				908423362B3BEE950023FFA0 /* BottomSheetViewController.swift */,
			);
			path = Detail;
			sourceTree = "<group>";
		};
		908423382B3C08990023FFA0 /* Login */ = {
			isa = PBXGroup;
			children = (
				9084233F2B3C09D30023FFA0 /* OriginViewController.swift */,
				9084233B2B3C09890023FFA0 /* SignUpViewController.swift */,
				9084233D2B3C09AA0023FFA0 /* SetNameViewController.swift */,
				908423392B3C08A70023FFA0 /* LoginViewController.swift */,
				908423412B3D27E60023FFA0 /* LoginAPICaller.swift */,
				908423432B3D283F0023FFA0 /* LoginDataModel.swift */,
				909AE4BA2B3EB0D500C2E501 /* LoginViewModel.swift */,
			);
			path = Login;
			sourceTree = "<group>";
		};
		908423452B3D48CE0023FFA0 /* Study */ = {
			isa = PBXGroup;
			children = (
				90B5BC722B3D4AF90069046A /* LearnViewController.swift */,
			);
			path = Study;
			sourceTree = "<group>";
		};
		CA505EEB2B354B8A00E1D140 /* Model */ = {
			isa = PBXGroup;
			children = (
				CA505EED2B354BB700E1D140 /* User.swift */,
				DAC1876D2B3AC96400A397E4 /* LoginResponse.swift */,
			);
			name = Model;
			path = "ㅡㅐㅇ디";
			sourceTree = "<group>";
		};
		CA505EEC2B354B9700E1D140 /* ViewModel */ = {
			isa = PBXGroup;
			children = (
				CA505EEF2B354BD500E1D140 /* UserViewModel.swift */,
				DAC1876B2B3AABAB00A397E4 /* AppleUserViewModel.swift */,
			);
			path = ViewModel;
			sourceTree = "<group>";
		};
		CA505EF12B354BF100E1D140 /* Services */ = {
			isa = PBXGroup;
			children = (
				CA505EF22B354C0800E1D140 /* NetworkManager.swift */,
			);
			path = Services;
			sourceTree = "<group>";
		};
		CA505EF42B354E8C00E1D140 /* Utilities */ = {
			isa = PBXGroup;
			children = (
				CA505EF52B354EA100E1D140 /* Extensions.swift */,
			);
			path = Utilities;
			sourceTree = "<group>";
		};
		CAD34A542B2FF5370004345B = {
			isa = PBXGroup;
			children = (
				CAD34A5F2B2FF5370004345B /* Meme_Dong_Office */,
				CAD34A762B2FF5380004345B /* Meme_Dong_OfficeTests */,
				CAD34A802B2FF5380004345B /* Meme_Dong_OfficeUITests */,
				CAD34A5E2B2FF5370004345B /* Products */,
			);
			sourceTree = "<group>";
		};
		CAD34A5E2B2FF5370004345B /* Products */ = {
			isa = PBXGroup;
			children = (
				CAD34A5D2B2FF5370004345B /* Meme_Dong_Office.app */,
				CAD34A732B2FF5380004345B /* Meme_Dong_OfficeTests.xctest */,
				CAD34A7D2B2FF5380004345B /* Meme_Dong_OfficeUITests.xctest */,
			);
			name = Products;
			sourceTree = "<group>";
		};
		CAD34A5F2B2FF5370004345B /* Meme_Dong_Office */ = {
			isa = PBXGroup;
			children = (
				DAC187682B3AA34C00A397E4 /* Meme_Dong_Office.entitlements */,
				CA505EF42B354E8C00E1D140 /* Utilities */,
				CA505EF12B354BF100E1D140 /* Services */,
				CA505EEC2B354B9700E1D140 /* ViewModel */,
				CA505EEB2B354B8A00E1D140 /* Model */,
				CAD34A922B3130840004345B /* Resources */,
				CAD34A912B31307D0004345B /* Design */,
				CAD34A902B3130710004345B /* Views */,
				CAD34A692B2FF5380004345B /* Assets.xcassets */,
				CAD34A6E2B2FF5380004345B /* Info.plist */,
			);
			path = Meme_Dong_Office;
			sourceTree = "<group>";
		};
		CAD34A762B2FF5380004345B /* Meme_Dong_OfficeTests */ = {
			isa = PBXGroup;
			children = (
				CAD34A772B2FF5380004345B /* Meme_Dong_OfficeTests.swift */,
			);
			path = Meme_Dong_OfficeTests;
			sourceTree = "<group>";
		};
		CAD34A802B2FF5380004345B /* Meme_Dong_OfficeUITests */ = {
			isa = PBXGroup;
			children = (
				CAD34A812B2FF5380004345B /* Meme_Dong_OfficeUITests.swift */,
				CAD34A832B2FF5380004345B /* Meme_Dong_OfficeUITestsLaunchTests.swift */,
			);
			path = Meme_Dong_OfficeUITests;
			sourceTree = "<group>";
		};
		CAD34A902B3130710004345B /* Views */ = {
			isa = PBXGroup;
			children = (
				CAD34A642B2FF5370004345B /* ViewController.swift */,
				908423272B3BE9490023FFA0 /* TestViewController.swift */,
				908423292B3BE9790023FFA0 /* HomeViewController.swift */,
				908423452B3D48CE0023FFA0 /* Study */,
				908423382B3C08990023FFA0 /* Login */,
				9084232F2B3BEDA40023FFA0 /* Detail */,
				9084232B2B3BE99E0023FFA0 /* AddViewController.swift */,
				9084232D2B3BE9A90023FFA0 /* StudyViewController.swift */,
				DAF31B4C2B355C0A002FD471 /* UserViewController.swift */,
				DAC187692B3AAB7800A397E4 /* AppleLoginViewController.swift */,
				CA505F392B3BF6A200E1D140 /* MainViewController.swift */,
			);
			path = Views;
			sourceTree = "<group>";
		};
		CAD34A912B31307D0004345B /* Design */ = {
			isa = PBXGroup;
			children = (
				CAD34A932B3130A60004345B /* ColorSystem.swift */,
				CAD34A952B3130BE0004345B /* ComponentSystem.swift */,
				CAD34A972B3130D10004345B /* FontSystem.swift */,
			);
			path = Design;
			sourceTree = "<group>";
		};
		CAD34A922B3130840004345B /* Resources */ = {
			isa = PBXGroup;
			children = (
				CAD34A602B2FF5370004345B /* AppDelegate.swift */,
				CAD34A622B2FF5370004345B /* SceneDelegate.swift */,
			);
			path = Resources;
			sourceTree = "<group>";
		};
/* End PBXGroup section */

/* Begin PBXNativeTarget section */
		CAD34A5C2B2FF5370004345B /* Meme_Dong_Office */ = {
			isa = PBXNativeTarget;
			buildConfigurationList = CAD34A872B2FF5380004345B /* Build configuration list for PBXNativeTarget "Meme_Dong_Office" */;
			buildPhases = (
				CAD34A592B2FF5370004345B /* Sources */,
				CAD34A5A2B2FF5370004345B /* Frameworks */,
				CAD34A5B2B2FF5370004345B /* Resources */,
			);
			buildRules = (
			);
			dependencies = (
			);
			name = Meme_Dong_Office;
			productName = Meme_Dong_Office;
			productReference = CAD34A5D2B2FF5370004345B /* Meme_Dong_Office.app */;
			productType = "com.apple.product-type.application";
		};
		CAD34A722B2FF5380004345B /* Meme_Dong_OfficeTests */ = {
			isa = PBXNativeTarget;
			buildConfigurationList = CAD34A8A2B2FF5380004345B /* Build configuration list for PBXNativeTarget "Meme_Dong_OfficeTests" */;
			buildPhases = (
				CAD34A6F2B2FF5380004345B /* Sources */,
				CAD34A702B2FF5380004345B /* Frameworks */,
				CAD34A712B2FF5380004345B /* Resources */,
			);
			buildRules = (
			);
			dependencies = (
				CAD34A752B2FF5380004345B /* PBXTargetDependency */,
			);
			name = Meme_Dong_OfficeTests;
			productName = Meme_Dong_OfficeTests;
			productReference = CAD34A732B2FF5380004345B /* Meme_Dong_OfficeTests.xctest */;
			productType = "com.apple.product-type.bundle.unit-test";
		};
		CAD34A7C2B2FF5380004345B /* Meme_Dong_OfficeUITests */ = {
			isa = PBXNativeTarget;
			buildConfigurationList = CAD34A8D2B2FF5380004345B /* Build configuration list for PBXNativeTarget "Meme_Dong_OfficeUITests" */;
			buildPhases = (
				CAD34A792B2FF5380004345B /* Sources */,
				CAD34A7A2B2FF5380004345B /* Frameworks */,
				CAD34A7B2B2FF5380004345B /* Resources */,
			);
			buildRules = (
			);
			dependencies = (
				CAD34A7F2B2FF5380004345B /* PBXTargetDependency */,
			);
			name = Meme_Dong_OfficeUITests;
			productName = Meme_Dong_OfficeUITests;
			productReference = CAD34A7D2B2FF5380004345B /* Meme_Dong_OfficeUITests.xctest */;
			productType = "com.apple.product-type.bundle.ui-testing";
		};
/* End PBXNativeTarget section */

/* Begin PBXProject section */
		CAD34A552B2FF5370004345B /* Project object */ = {
			isa = PBXProject;
			attributes = {
				BuildIndependentTargetsInParallel = 1;
				LastSwiftUpdateCheck = 1500;
				LastUpgradeCheck = 1500;
				TargetAttributes = {
					CAD34A5C2B2FF5370004345B = {
						CreatedOnToolsVersion = 15.0.1;
					};
					CAD34A722B2FF5380004345B = {
						CreatedOnToolsVersion = 15.0.1;
						TestTargetID = CAD34A5C2B2FF5370004345B;
					};
					CAD34A7C2B2FF5380004345B = {
						CreatedOnToolsVersion = 15.0.1;
						TestTargetID = CAD34A5C2B2FF5370004345B;
					};
				};
			};
			buildConfigurationList = CAD34A582B2FF5370004345B /* Build configuration list for PBXProject "Meme_Dong_Office" */;
			compatibilityVersion = "Xcode 14.0";
			developmentRegion = en;
			hasScannedForEncodings = 0;
			knownRegions = (
				en,
				Base,
			);
			mainGroup = CAD34A542B2FF5370004345B;
			productRefGroup = CAD34A5E2B2FF5370004345B /* Products */;
			projectDirPath = "";
			projectRoot = "";
			targets = (
				CAD34A5C2B2FF5370004345B /* Meme_Dong_Office */,
				CAD34A722B2FF5380004345B /* Meme_Dong_OfficeTests */,
				CAD34A7C2B2FF5380004345B /* Meme_Dong_OfficeUITests */,
			);
		};
/* End PBXProject section */

/* Begin PBXResourcesBuildPhase section */
		CAD34A5B2B2FF5370004345B /* Resources */ = {
			isa = PBXResourcesBuildPhase;
			buildActionMask = 2147483647;
			files = (
				CAD34A6A2B2FF5380004345B /* Assets.xcassets in Resources */,
			);
			runOnlyForDeploymentPostprocessing = 0;
		};
		CAD34A712B2FF5380004345B /* Resources */ = {
			isa = PBXResourcesBuildPhase;
			buildActionMask = 2147483647;
			files = (
			);
			runOnlyForDeploymentPostprocessing = 0;
		};
		CAD34A7B2B2FF5380004345B /* Resources */ = {
			isa = PBXResourcesBuildPhase;
			buildActionMask = 2147483647;
			files = (
			);
			runOnlyForDeploymentPostprocessing = 0;
		};
/* End PBXResourcesBuildPhase section */

/* Begin PBXSourcesBuildPhase section */
		CAD34A592B2FF5370004345B /* Sources */ = {
			isa = PBXSourcesBuildPhase;
			buildActionMask = 2147483647;
			files = (
				CA505EF32B354C0800E1D140 /* NetworkManager.swift in Sources */,
				908423372B3BEE950023FFA0 /* BottomSheetViewController.swift in Sources */,
				CA505EEE2B354BB700E1D140 /* User.swift in Sources */,
				DAC1876C2B3AABAB00A397E4 /* AppleUserViewModel.swift in Sources */,
				9084233E2B3C09AA0023FFA0 /* SetNameViewController.swift in Sources */,
				90B5BC732B3D4AF90069046A /* LearnViewController.swift in Sources */,
				9084233C2B3C09890023FFA0 /* SignUpViewController.swift in Sources */,
				CA505EF02B354BD500E1D140 /* UserViewModel.swift in Sources */,
				9084232E2B3BE9A90023FFA0 /* StudyViewController.swift in Sources */,
				CA505F3A2B3BF6A200E1D140 /* MainViewController.swift in Sources */,
				DAF31B4D2B355C0A002FD471 /* UserViewController.swift in Sources */,
				CAD34A942B3130A60004345B /* ColorSystem.swift in Sources */,
				DAC1876E2B3AC96400A397E4 /* LoginResponse.swift in Sources */,
				9084232C2B3BE99E0023FFA0 /* AddViewController.swift in Sources */,
				CAD34A652B2FF5370004345B /* ViewController.swift in Sources */,
				9084233A2B3C08A70023FFA0 /* LoginViewController.swift in Sources */,
				908423312B3BEDDC0023FFA0 /* DetailViewController.swift in Sources */,
				909AE4BB2B3EB0D500C2E501 /* LoginViewModel.swift in Sources */,
				CA505EF62B354EA100E1D140 /* Extensions.swift in Sources */,
				DAC1876A2B3AAB7800A397E4 /* AppleLoginViewController.swift in Sources */,
				908423282B3BE9490023FFA0 /* TestViewController.swift in Sources */,
				9084232A2B3BE9790023FFA0 /* HomeViewController.swift in Sources */,
				908423332B3BEE2C0023FFA0 /* FirstViewController.swift in Sources */,
				CAD34A612B2FF5370004345B /* AppDelegate.swift in Sources */,
				CAD34A632B2FF5370004345B /* SceneDelegate.swift in Sources */,
				908423352B3BEE360023FFA0 /* SecondViewController.swift in Sources */,
				908423442B3D283F0023FFA0 /* LoginDataModel.swift in Sources */,
				CAD34A962B3130BE0004345B /* ComponentSystem.swift in Sources */,
				908423422B3D27E60023FFA0 /* LoginAPICaller.swift in Sources */,
				CAD34A982B3130D10004345B /* FontSystem.swift in Sources */,
				908423402B3C09D30023FFA0 /* OriginViewController.swift in Sources */,
			);
			runOnlyForDeploymentPostprocessing = 0;
		};
		CAD34A6F2B2FF5380004345B /* Sources */ = {
			isa = PBXSourcesBuildPhase;
			buildActionMask = 2147483647;
			files = (
				CAD34A782B2FF5380004345B /* Meme_Dong_OfficeTests.swift in Sources */,
			);
			runOnlyForDeploymentPostprocessing = 0;
		};
		CAD34A792B2FF5380004345B /* Sources */ = {
			isa = PBXSourcesBuildPhase;
			buildActionMask = 2147483647;
			files = (
				CAD34A842B2FF5380004345B /* Meme_Dong_OfficeUITestsLaunchTests.swift in Sources */,
				CAD34A822B2FF5380004345B /* Meme_Dong_OfficeUITests.swift in Sources */,
			);
			runOnlyForDeploymentPostprocessing = 0;
		};
/* End PBXSourcesBuildPhase section */

/* Begin PBXTargetDependency section */
		CAD34A752B2FF5380004345B /* PBXTargetDependency */ = {
			isa = PBXTargetDependency;
			target = CAD34A5C2B2FF5370004345B /* Meme_Dong_Office */;
			targetProxy = CAD34A742B2FF5380004345B /* PBXContainerItemProxy */;
		};
		CAD34A7F2B2FF5380004345B /* PBXTargetDependency */ = {
			isa = PBXTargetDependency;
			target = CAD34A5C2B2FF5370004345B /* Meme_Dong_Office */;
			targetProxy = CAD34A7E2B2FF5380004345B /* PBXContainerItemProxy */;
		};
/* End PBXTargetDependency section */

/* Begin XCBuildConfiguration section */
		CAD34A852B2FF5380004345B /* Debug */ = {
			isa = XCBuildConfiguration;
			buildSettings = {
				ALWAYS_SEARCH_USER_PATHS = NO;
				ASSETCATALOG_COMPILER_GENERATE_SWIFT_ASSET_SYMBOL_EXTENSIONS = YES;
				CLANG_ANALYZER_NONNULL = YES;
				CLANG_ANALYZER_NUMBER_OBJECT_CONVERSION = YES_AGGRESSIVE;
				CLANG_CXX_LANGUAGE_STANDARD = "gnu++20";
				CLANG_ENABLE_MODULES = YES;
				CLANG_ENABLE_OBJC_ARC = YES;
				CLANG_ENABLE_OBJC_WEAK = YES;
				CLANG_WARN_BLOCK_CAPTURE_AUTORELEASING = YES;
				CLANG_WARN_BOOL_CONVERSION = YES;
				CLANG_WARN_COMMA = YES;
				CLANG_WARN_CONSTANT_CONVERSION = YES;
				CLANG_WARN_DEPRECATED_OBJC_IMPLEMENTATIONS = YES;
				CLANG_WARN_DIRECT_OBJC_ISA_USAGE = YES_ERROR;
				CLANG_WARN_DOCUMENTATION_COMMENTS = YES;
				CLANG_WARN_EMPTY_BODY = YES;
				CLANG_WARN_ENUM_CONVERSION = YES;
				CLANG_WARN_INFINITE_RECURSION = YES;
				CLANG_WARN_INT_CONVERSION = YES;
				CLANG_WARN_NON_LITERAL_NULL_CONVERSION = YES;
				CLANG_WARN_OBJC_IMPLICIT_RETAIN_SELF = YES;
				CLANG_WARN_OBJC_LITERAL_CONVERSION = YES;
				CLANG_WARN_OBJC_ROOT_CLASS = YES_ERROR;
				CLANG_WARN_QUOTED_INCLUDE_IN_FRAMEWORK_HEADER = YES;
				CLANG_WARN_RANGE_LOOP_ANALYSIS = YES;
				CLANG_WARN_STRICT_PROTOTYPES = YES;
				CLANG_WARN_SUSPICIOUS_MOVE = YES;
				CLANG_WARN_UNGUARDED_AVAILABILITY = YES_AGGRESSIVE;
				CLANG_WARN_UNREACHABLE_CODE = YES;
				CLANG_WARN__DUPLICATE_METHOD_MATCH = YES;
				COPY_PHASE_STRIP = NO;
				DEBUG_INFORMATION_FORMAT = dwarf;
				ENABLE_STRICT_OBJC_MSGSEND = YES;
				ENABLE_TESTABILITY = YES;
				ENABLE_USER_SCRIPT_SANDBOXING = YES;
				GCC_C_LANGUAGE_STANDARD = gnu17;
				GCC_DYNAMIC_NO_PIC = NO;
				GCC_NO_COMMON_BLOCKS = YES;
				GCC_OPTIMIZATION_LEVEL = 0;
				GCC_PREPROCESSOR_DEFINITIONS = (
					"DEBUG=1",
					"$(inherited)",
				);
				GCC_WARN_64_TO_32_BIT_CONVERSION = YES;
				GCC_WARN_ABOUT_RETURN_TYPE = YES_ERROR;
				GCC_WARN_UNDECLARED_SELECTOR = YES;
				GCC_WARN_UNINITIALIZED_AUTOS = YES_AGGRESSIVE;
				GCC_WARN_UNUSED_FUNCTION = YES;
				GCC_WARN_UNUSED_VARIABLE = YES;
				IPHONEOS_DEPLOYMENT_TARGET = 17.0;
				LOCALIZATION_PREFERS_STRING_CATALOGS = YES;
				MTL_ENABLE_DEBUG_INFO = INCLUDE_SOURCE;
				MTL_FAST_MATH = YES;
				ONLY_ACTIVE_ARCH = YES;
				SDKROOT = iphoneos;
				SWIFT_ACTIVE_COMPILATION_CONDITIONS = "DEBUG $(inherited)";
				SWIFT_OPTIMIZATION_LEVEL = "-Onone";
			};
			name = Debug;
		};
		CAD34A862B2FF5380004345B /* Release */ = {
			isa = XCBuildConfiguration;
			buildSettings = {
				ALWAYS_SEARCH_USER_PATHS = NO;
				ASSETCATALOG_COMPILER_GENERATE_SWIFT_ASSET_SYMBOL_EXTENSIONS = YES;
				CLANG_ANALYZER_NONNULL = YES;
				CLANG_ANALYZER_NUMBER_OBJECT_CONVERSION = YES_AGGRESSIVE;
				CLANG_CXX_LANGUAGE_STANDARD = "gnu++20";
				CLANG_ENABLE_MODULES = YES;
				CLANG_ENABLE_OBJC_ARC = YES;
				CLANG_ENABLE_OBJC_WEAK = YES;
				CLANG_WARN_BLOCK_CAPTURE_AUTORELEASING = YES;
				CLANG_WARN_BOOL_CONVERSION = YES;
				CLANG_WARN_COMMA = YES;
				CLANG_WARN_CONSTANT_CONVERSION = YES;
				CLANG_WARN_DEPRECATED_OBJC_IMPLEMENTATIONS = YES;
				CLANG_WARN_DIRECT_OBJC_ISA_USAGE = YES_ERROR;
				CLANG_WARN_DOCUMENTATION_COMMENTS = YES;
				CLANG_WARN_EMPTY_BODY = YES;
				CLANG_WARN_ENUM_CONVERSION = YES;
				CLANG_WARN_INFINITE_RECURSION = YES;
				CLANG_WARN_INT_CONVERSION = YES;
				CLANG_WARN_NON_LITERAL_NULL_CONVERSION = YES;
				CLANG_WARN_OBJC_IMPLICIT_RETAIN_SELF = YES;
				CLANG_WARN_OBJC_LITERAL_CONVERSION = YES;
				CLANG_WARN_OBJC_ROOT_CLASS = YES_ERROR;
				CLANG_WARN_QUOTED_INCLUDE_IN_FRAMEWORK_HEADER = YES;
				CLANG_WARN_RANGE_LOOP_ANALYSIS = YES;
				CLANG_WARN_STRICT_PROTOTYPES = YES;
				CLANG_WARN_SUSPICIOUS_MOVE = YES;
				CLANG_WARN_UNGUARDED_AVAILABILITY = YES_AGGRESSIVE;
				CLANG_WARN_UNREACHABLE_CODE = YES;
				CLANG_WARN__DUPLICATE_METHOD_MATCH = YES;
				COPY_PHASE_STRIP = NO;
				DEBUG_INFORMATION_FORMAT = "dwarf-with-dsym";
				ENABLE_NS_ASSERTIONS = NO;
				ENABLE_STRICT_OBJC_MSGSEND = YES;
				ENABLE_USER_SCRIPT_SANDBOXING = YES;
				GCC_C_LANGUAGE_STANDARD = gnu17;
				GCC_NO_COMMON_BLOCKS = YES;
				GCC_WARN_64_TO_32_BIT_CONVERSION = YES;
				GCC_WARN_ABOUT_RETURN_TYPE = YES_ERROR;
				GCC_WARN_UNDECLARED_SELECTOR = YES;
				GCC_WARN_UNINITIALIZED_AUTOS = YES_AGGRESSIVE;
				GCC_WARN_UNUSED_FUNCTION = YES;
				GCC_WARN_UNUSED_VARIABLE = YES;
				IPHONEOS_DEPLOYMENT_TARGET = 17.0;
				LOCALIZATION_PREFERS_STRING_CATALOGS = YES;
				MTL_ENABLE_DEBUG_INFO = NO;
				MTL_FAST_MATH = YES;
				SDKROOT = iphoneos;
				SWIFT_COMPILATION_MODE = wholemodule;
				VALIDATE_PRODUCT = YES;
			};
			name = Release;
		};
		CAD34A882B2FF5380004345B /* Debug */ = {
			isa = XCBuildConfiguration;
			buildSettings = {
				ASSETCATALOG_COMPILER_APPICON_NAME = AppIcon;
				ASSETCATALOG_COMPILER_GLOBAL_ACCENT_COLOR_NAME = AccentColor;
				CODE_SIGN_ENTITLEMENTS = Meme_Dong_Office/Meme_Dong_Office.entitlements;
				CODE_SIGN_STYLE = Automatic;
				CURRENT_PROJECT_VERSION = 1;
				DEVELOPMENT_TEAM = "";
				GENERATE_INFOPLIST_FILE = YES;
				INFOPLIST_FILE = Meme_Dong_Office/Info.plist;
				INFOPLIST_KEY_UIApplicationSupportsIndirectInputEvents = YES;
				INFOPLIST_KEY_UILaunchStoryboardName = LaunchScreen;
				INFOPLIST_KEY_UISupportedInterfaceOrientations_iPad = "UIInterfaceOrientationPortrait UIInterfaceOrientationPortraitUpsideDown UIInterfaceOrientationLandscapeLeft UIInterfaceOrientationLandscapeRight";
				INFOPLIST_KEY_UISupportedInterfaceOrientations_iPhone = "UIInterfaceOrientationPortrait UIInterfaceOrientationLandscapeLeft UIInterfaceOrientationLandscapeRight";
				LD_RUNPATH_SEARCH_PATHS = (
					"$(inherited)",
					"@executable_path/Frameworks",
				);
				MARKETING_VERSION = 1.0;
				"OTHER_LDFLAGS[arch=*]" = (
					"-Xlinker",
					"-interposable",
				);
				PRODUCT_BUNDLE_IDENTIFIER = "com.PARD.Meme-Dong-Office";
				PRODUCT_NAME = "$(TARGET_NAME)";
				SWIFT_EMIT_LOC_STRINGS = YES;
				SWIFT_VERSION = 5.0;
				TARGETED_DEVICE_FAMILY = "1,2";
			};
			name = Debug;
		};
		CAD34A892B2FF5380004345B /* Release */ = {
			isa = XCBuildConfiguration;
			buildSettings = {
				ASSETCATALOG_COMPILER_APPICON_NAME = AppIcon;
				ASSETCATALOG_COMPILER_GLOBAL_ACCENT_COLOR_NAME = AccentColor;
				CODE_SIGN_ENTITLEMENTS = Meme_Dong_Office/Meme_Dong_Office.entitlements;
				CODE_SIGN_STYLE = Automatic;
				CURRENT_PROJECT_VERSION = 1;
				DEVELOPMENT_TEAM = "";
				GENERATE_INFOPLIST_FILE = YES;
				INFOPLIST_FILE = Meme_Dong_Office/Info.plist;
				INFOPLIST_KEY_UIApplicationSupportsIndirectInputEvents = YES;
				INFOPLIST_KEY_UILaunchStoryboardName = LaunchScreen;
				INFOPLIST_KEY_UISupportedInterfaceOrientations_iPad = "UIInterfaceOrientationPortrait UIInterfaceOrientationPortraitUpsideDown UIInterfaceOrientationLandscapeLeft UIInterfaceOrientationLandscapeRight";
				INFOPLIST_KEY_UISupportedInterfaceOrientations_iPhone = "UIInterfaceOrientationPortrait UIInterfaceOrientationLandscapeLeft UIInterfaceOrientationLandscapeRight";
				LD_RUNPATH_SEARCH_PATHS = (
					"$(inherited)",
					"@executable_path/Frameworks",
				);
				MARKETING_VERSION = 1.0;
				PRODUCT_BUNDLE_IDENTIFIER = "com.PARD.Meme-Dong-Office";
				PRODUCT_NAME = "$(TARGET_NAME)";
				SWIFT_EMIT_LOC_STRINGS = YES;
				SWIFT_VERSION = 5.0;
				TARGETED_DEVICE_FAMILY = "1,2";
			};
			name = Release;
		};
		CAD34A8B2B2FF5380004345B /* Debug */ = {
			isa = XCBuildConfiguration;
			buildSettings = {
				ALWAYS_EMBED_SWIFT_STANDARD_LIBRARIES = YES;
				BUNDLE_LOADER = "$(TEST_HOST)";
				CODE_SIGN_STYLE = Automatic;
				CURRENT_PROJECT_VERSION = 1;
				DEVELOPMENT_TEAM = 7YG4RD83Q9;
				GENERATE_INFOPLIST_FILE = YES;
				IPHONEOS_DEPLOYMENT_TARGET = 17.0;
				MARKETING_VERSION = 1.0;
				PRODUCT_BUNDLE_IDENTIFIER = "com.PARD.Meme-Dong-OfficeTests";
				PRODUCT_NAME = "$(TARGET_NAME)";
				SWIFT_EMIT_LOC_STRINGS = NO;
				SWIFT_VERSION = 5.0;
				TARGETED_DEVICE_FAMILY = "1,2";
				TEST_HOST = "$(BUILT_PRODUCTS_DIR)/Meme_Dong_Office.app/$(BUNDLE_EXECUTABLE_FOLDER_PATH)/Meme_Dong_Office";
			};
			name = Debug;
		};
		CAD34A8C2B2FF5380004345B /* Release */ = {
			isa = XCBuildConfiguration;
			buildSettings = {
				ALWAYS_EMBED_SWIFT_STANDARD_LIBRARIES = YES;
				BUNDLE_LOADER = "$(TEST_HOST)";
				CODE_SIGN_STYLE = Automatic;
				CURRENT_PROJECT_VERSION = 1;
				DEVELOPMENT_TEAM = 7YG4RD83Q9;
				GENERATE_INFOPLIST_FILE = YES;
				IPHONEOS_DEPLOYMENT_TARGET = 17.0;
				MARKETING_VERSION = 1.0;
				PRODUCT_BUNDLE_IDENTIFIER = "com.PARD.Meme-Dong-OfficeTests";
				PRODUCT_NAME = "$(TARGET_NAME)";
				SWIFT_EMIT_LOC_STRINGS = NO;
				SWIFT_VERSION = 5.0;
				TARGETED_DEVICE_FAMILY = "1,2";
				TEST_HOST = "$(BUILT_PRODUCTS_DIR)/Meme_Dong_Office.app/$(BUNDLE_EXECUTABLE_FOLDER_PATH)/Meme_Dong_Office";
			};
			name = Release;
		};
		CAD34A8E2B2FF5380004345B /* Debug */ = {
			isa = XCBuildConfiguration;
			buildSettings = {
				ALWAYS_EMBED_SWIFT_STANDARD_LIBRARIES = YES;
				CODE_SIGN_STYLE = Automatic;
				CURRENT_PROJECT_VERSION = 1;
				GENERATE_INFOPLIST_FILE = YES;
				MARKETING_VERSION = 1.0;
				PRODUCT_BUNDLE_IDENTIFIER = "com.PARD.Meme-Dong-OfficeUITests";
				PRODUCT_NAME = "$(TARGET_NAME)";
				SWIFT_EMIT_LOC_STRINGS = NO;
				SWIFT_VERSION = 5.0;
				TARGETED_DEVICE_FAMILY = "1,2";
				TEST_TARGET_NAME = Meme_Dong_Office;
			};
			name = Debug;
		};
		CAD34A8F2B2FF5380004345B /* Release */ = {
			isa = XCBuildConfiguration;
			buildSettings = {
				ALWAYS_EMBED_SWIFT_STANDARD_LIBRARIES = YES;
				CODE_SIGN_STYLE = Automatic;
				CURRENT_PROJECT_VERSION = 1;
				GENERATE_INFOPLIST_FILE = YES;
				MARKETING_VERSION = 1.0;
				PRODUCT_BUNDLE_IDENTIFIER = "com.PARD.Meme-Dong-OfficeUITests";
				PRODUCT_NAME = "$(TARGET_NAME)";
				SWIFT_EMIT_LOC_STRINGS = NO;
				SWIFT_VERSION = 5.0;
				TARGETED_DEVICE_FAMILY = "1,2";
				TEST_TARGET_NAME = Meme_Dong_Office;
			};
			name = Release;
		};
/* End XCBuildConfiguration section */

/* Begin XCConfigurationList section */
		CAD34A582B2FF5370004345B /* Build configuration list for PBXProject "Meme_Dong_Office" */ = {
			isa = XCConfigurationList;
			buildConfigurations = (
				CAD34A852B2FF5380004345B /* Debug */,
				CAD34A862B2FF5380004345B /* Release */,
			);
			defaultConfigurationIsVisible = 0;
			defaultConfigurationName = Release;
		};
		CAD34A872B2FF5380004345B /* Build configuration list for PBXNativeTarget "Meme_Dong_Office" */ = {
			isa = XCConfigurationList;
			buildConfigurations = (
				CAD34A882B2FF5380004345B /* Debug */,
				CAD34A892B2FF5380004345B /* Release */,
			);
			defaultConfigurationIsVisible = 0;
			defaultConfigurationName = Release;
		};
		CAD34A8A2B2FF5380004345B /* Build configuration list for PBXNativeTarget "Meme_Dong_OfficeTests" */ = {
			isa = XCConfigurationList;
			buildConfigurations = (
				CAD34A8B2B2FF5380004345B /* Debug */,
				CAD34A8C2B2FF5380004345B /* Release */,
			);
			defaultConfigurationIsVisible = 0;
			defaultConfigurationName = Release;
		};
		CAD34A8D2B2FF5380004345B /* Build configuration list for PBXNativeTarget "Meme_Dong_OfficeUITests" */ = {
			isa = XCConfigurationList;
			buildConfigurations = (
				CAD34A8E2B2FF5380004345B /* Debug */,
				CAD34A8F2B2FF5380004345B /* Release */,
			);
			defaultConfigurationIsVisible = 0;
			defaultConfigurationName = Release;
		};
/* End XCConfigurationList section */
	};
	rootObject = CAD34A552B2FF5370004345B /* Project object */;
}
